
Microsoft Visual Studio Solution File, Format Version 12.00
# Visual Studio Version 17
VisualStudioVersion = 17.5.33627.172
MinimumVisualStudioVersion = 10.0.40219.1
Project("{9A19103F-16F7-4668-BE54-9A1E7A4F7556}") = "RestaurantManagementSystem.WPF", "RestaurantManagementSystem\RestaurantManagementSystem.WPF.csproj", "{8C9AD61D-B796-4A24-9F70-94E42C9B6BD4}"
EndProject
Project("{2150E333-8FDC-42A3-9474-1A3956D46DE8}") = "src", "src", "{00751C65-4CE7-43CA-A910-AD94010516AA}"
EndProject
Project("{9A19103F-16F7-4668-BE54-9A1E7A4F7556}") = "RestaurantManagementSystem.Data", "RestauranManagementSystem.Data\RestaurantManagementSystem.Data.csproj", "{376A06A1-1547-48BB-88B6-BD2A4247523D}"
EndProject
Project("{FAE04EC0-301F-11D3-BF4B-00C04F79EFBC}") = "RestaurantManagementSystem.Domain", "RestaurantManagementSystem.Domain\RestaurantManagementSystem.Domain.csproj", "{FC7391F7-E74D-48ED-B492-94B88D1FCC06}"
EndProject
Project("{FAE04EC0-301F-11D3-BF4B-00C04F79EFBC}") = "RestaurantManagementSystem.Service", "RestaurantManagementSystem.Service\RestaurantManagementSystem.Service.csproj", "{CC08C583-AD01-4434-B6F6-F800182F09D7}"
EndProject
Global
	GlobalSection(SolutionConfigurationPlatforms) = preSolution
		Debug|Any CPU = Debug|Any CPU
		Release|Any CPU = Release|Any CPU
	EndGlobalSection
	GlobalSection(ProjectConfigurationPlatforms) = postSolution
		{8C9AD61D-B796-4A24-9F70-94E42C9B6BD4}.Debug|Any CPU.ActiveCfg = Debug|Any CPU
		{8C9AD61D-B796-4A24-9F70-94E42C9B6BD4}.Debug|Any CPU.Build.0 = Debug|Any CPU
		{8C9AD61D-B796-4A24-9F70-94E42C9B6BD4}.Release|Any CPU.ActiveCfg = Release|Any CPU
		{8C9AD61D-B796-4A24-9F70-94E42C9B6BD4}.Release|Any CPU.Build.0 = Release|Any CPU
		{376A06A1-1547-48BB-88B6-BD2A4247523D}.Debug|Any CPU.ActiveCfg = Debug|Any CPU
		{376A06A1-1547-48BB-88B6-BD2A4247523D}.Debug|Any CPU.Build.0 = Debug|Any CPU
		{376A06A1-1547-48BB-88B6-BD2A4247523D}.Release|Any CPU.ActiveCfg = Release|Any CPU
		{376A06A1-1547-48BB-88B6-BD2A4247523D}.Release|Any CPU.Build.0 = Release|Any CPU
		{FC7391F7-E74D-48ED-B492-94B88D1FCC06}.Debug|Any CPU.ActiveCfg = Debug|Any CPU
		{FC7391F7-E74D-48ED-B492-94B88D1FCC06}.Debug|Any CPU.Build.0 = Debug|Any CPU
		{FC7391F7-E74D-48ED-B492-94B88D1FCC06}.Release|Any CPU.ActiveCfg = Release|Any CPU
		{FC7391F7-E74D-48ED-B492-94B88D1FCC06}.Release|Any CPU.Build.0 = Release|Any CPU
		{CC08C583-AD01-4434-B6F6-F800182F09D7}.Debug|Any CPU.ActiveCfg = Debug|Any CPU
		{CC08C583-AD01-4434-B6F6-F800182F09D7}.Debug|Any CPU.Build.0 = Debug|Any CPU
		{CC08C583-AD01-4434-B6F6-F800182F09D7}.Release|Any CPU.ActiveCfg = Release|Any CPU
		{CC08C583-AD01-4434-B6F6-F800182F09D7}.Release|Any CPU.Build.0 = Release|Any CPU
	EndGlobalSection
	GlobalSection(SolutionProperties) = preSolution
		HideSolutionNode = FALSE
	EndGlobalSection
	GlobalSection(NestedProjects) = preSolution
		{8C9AD61D-B796-4A24-9F70-94E42C9B6BD4} = {00751C65-4CE7-43CA-A910-AD94010516AA}
		{376A06A1-1547-48BB-88B6-BD2A4247523D} = {00751C65-4CE7-43CA-A910-AD94010516AA}
		{FC7391F7-E74D-48ED-B492-94B88D1FCC06} = {00751C65-4CE7-43CA-A910-AD94010516AA}
		{CC08C583-AD01-4434-B6F6-F800182F09D7} = {00751C65-4CE7-43CA-A910-AD94010516AA}
	EndGlobalSection
	GlobalSection(ExtensibilityGlobals) = postSolution
		SolutionGuid = {94A4D944-050F-418E-AB03-7DFE5E4863AD}
	EndGlobalSection
EndGlobal
